
Microsoft Visual Studio Solution File, Format Version 12.00
Project("{FAE04EC0-301F-11D3-BF4B-00C04F79EFBC}") = "Demo", "Demo\Demo.csproj", "{88A0030D-9111-4B48-91F1-5A7C02F404AE}"
EndProject
Project("{FAE04EC0-301F-11D3-BF4B-00C04F79EFBC}") = "LumaDX", "LumaDX\LumaDX.csproj", "{BD2A43D0-FCF6-4AB3-B632-58C97A7FDB1A}"
EndProject
Project("{FAE04EC0-301F-11D3-BF4B-00C04F79EFBC}") = "SkyBoxDemo", "SkyBoxDemo\SkyBoxDemo.csproj", "{54629887-1394-44CE-8457-B28251BC1AFD}"
EndProject
Project("{FAE04EC0-301F-11D3-BF4B-00C04F79EFBC}") = "MappingDemo", "MappingDemo\MappingDemo.csproj", "{189BD5CE-3ED1-4628-B568-1F107053F124}"
EndProject
Project("{FAE04EC0-301F-11D3-BF4B-00C04F79EFBC}") = "PostProcessingDemo", "PostProcessingDemo\PostProcessingDemo.csproj", "{B38090D3-4723-40AE-838B-5670E401A73D}"
EndProject
Global
	GlobalSection(SolutionConfigurationPlatforms) = preSolution
		Debug|Any CPU = Debug|Any CPU
		Release|Any CPU = Release|Any CPU
	EndGlobalSection
	GlobalSection(ProjectConfigurationPlatforms) = postSolution
		{88A0030D-9111-4B48-91F1-5A7C02F404AE}.Debug|Any CPU.ActiveCfg = Debug|Any CPU
		{88A0030D-9111-4B48-91F1-5A7C02F404AE}.Debug|Any CPU.Build.0 = Debug|Any CPU
		{88A0030D-9111-4B48-91F1-5A7C02F404AE}.Release|Any CPU.ActiveCfg = Release|Any CPU
		{88A0030D-9111-4B48-91F1-5A7C02F404AE}.Release|Any CPU.Build.0 = Release|Any CPU
		{BD2A43D0-FCF6-4AB3-B632-58C97A7FDB1A}.Debug|Any CPU.ActiveCfg = Debug|Any CPU
		{BD2A43D0-FCF6-4AB3-B632-58C97A7FDB1A}.Debug|Any CPU.Build.0 = Debug|Any CPU
		{BD2A43D0-FCF6-4AB3-B632-58C97A7FDB1A}.Release|Any CPU.ActiveCfg = Release|Any CPU
		{BD2A43D0-FCF6-4AB3-B632-58C97A7FDB1A}.Release|Any CPU.Build.0 = Release|Any CPU
		{54629887-1394-44CE-8457-B28251BC1AFD}.Debug|Any CPU.ActiveCfg = Debug|Any CPU
		{54629887-1394-44CE-8457-B28251BC1AFD}.Debug|Any CPU.Build.0 = Debug|Any CPU
		{54629887-1394-44CE-8457-B28251BC1AFD}.Release|Any CPU.ActiveCfg = Release|Any CPU
		{54629887-1394-44CE-8457-B28251BC1AFD}.Release|Any CPU.Build.0 = Release|Any CPU
		{189BD5CE-3ED1-4628-B568-1F107053F124}.Debug|Any CPU.ActiveCfg = Debug|Any CPU
		{189BD5CE-3ED1-4628-B568-1F107053F124}.Debug|Any CPU.Build.0 = Debug|Any CPU
		{189BD5CE-3ED1-4628-B568-1F107053F124}.Release|Any CPU.ActiveCfg = Release|Any CPU
		{189BD5CE-3ED1-4628-B568-1F107053F124}.Release|Any CPU.Build.0 = Release|Any CPU
		{B38090D3-4723-40AE-838B-5670E401A73D}.Debug|Any CPU.ActiveCfg = Debug|Any CPU
		{B38090D3-4723-40AE-838B-5670E401A73D}.Debug|Any CPU.Build.0 = Debug|Any CPU
		{B38090D3-4723-40AE-838B-5670E401A73D}.Release|Any CPU.ActiveCfg = Release|Any CPU
		{B38090D3-4723-40AE-838B-5670E401A73D}.Release|Any CPU.Build.0 = Release|Any CPU
	EndGlobalSection
EndGlobal
