
Microsoft Visual Studio Solution File, Format Version 12.00
Project("{FAE04EC0-301F-11D3-BF4B-00C04F79EFBC}") = "LumaDX", "LumaDX\LumaDX.csproj", "{B15CE3FB-B683-4240-A971-C8EED2BC770E}"
EndProject
Global
	GlobalSection(SolutionConfigurationPlatforms) = preSolution
		Debug|Any CPU = Debug|Any CPU
		Release|Any CPU = Release|Any CPU
	EndGlobalSection
	GlobalSection(ProjectConfigurationPlatforms) = postSolution
		{B15CE3FB-B683-4240-A971-C8EED2BC770E}.Debug|Any CPU.ActiveCfg = Debug|Any CPU
		{B15CE3FB-B683-4240-A971-C8EED2BC770E}.Debug|Any CPU.Build.0 = Debug|Any CPU
		{B15CE3FB-B683-4240-A971-C8EED2BC770E}.Release|Any CPU.ActiveCfg = Release|Any CPU
		{B15CE3FB-B683-4240-A971-C8EED2BC770E}.Release|Any CPU.Build.0 = Release|Any CPU
	EndGlobalSection
EndGlobal
