
Microsoft Visual Studio Solution File, Format Version 12.00
Project("{FAE04EC0-301F-11D3-BF4B-00C04F79EFBC}") = "LumaDX", "LumaDX\LumaDX.csproj", "{BD2A43D0-FCF6-4AB3-B632-58C97A7FDB1A}"
EndProject
Project("{FAE04EC0-301F-11D3-BF4B-00C04F79EFBC}") = "SkyBoxDemo", "SkyBoxDemo\SkyBoxDemo.csproj", "{54629887-1394-44CE-8457-B28251BC1AFD}"
EndProject
Project("{FAE04EC0-301F-11D3-BF4B-00C04F79EFBC}") = "PostProcessing", "PostProcessing\PostProcessing.csproj", "{B38090D3-4723-40AE-838B-5670E401A73D}"
EndProject
Project("{FAE04EC0-301F-11D3-BF4B-00C04F79EFBC}") = "BasicRendering", "BasicRendering\BasicRendering.csproj", "{45596FFA-FF81-459C-AF4C-032C699947B8}"
EndProject
Project("{FAE04EC0-301F-11D3-BF4B-00C04F79EFBC}") = "PhysicsDemo", "PhysicsDemo\PhysicsDemo.csproj", "{00D9387E-45A6-4417-ACAA-F9E673825308}"
EndProject
Project("{FAE04EC0-301F-11D3-BF4B-00C04F79EFBC}") = "PortalDemo", "PortalDemo\PortalDemo.csproj", "{12D6FAF7-71FC-4983-A841-82B17215D386}"
EndProject
Project("{FAE04EC0-301F-11D3-BF4B-00C04F79EFBC}") = "FileLoading", "FileLoading\FileLoading.csproj", "{34FE6A1E-A91A-4BD0-BC43-D3A6CE583766}"
EndProject
Project("{FAE04EC0-301F-11D3-BF4B-00C04F79EFBC}") = "DynamicLighting", "DynamicLighting\DynamicLighting.csproj", "{E8240CC3-E3E4-4DD9-8B89-9121A139C1A3}"
EndProject
Global
	GlobalSection(SolutionConfigurationPlatforms) = preSolution
		Debug|Any CPU = Debug|Any CPU
		Release|Any CPU = Release|Any CPU
	EndGlobalSection
	GlobalSection(ProjectConfigurationPlatforms) = postSolution
		{BD2A43D0-FCF6-4AB3-B632-58C97A7FDB1A}.Debug|Any CPU.ActiveCfg = Debug|Any CPU
		{BD2A43D0-FCF6-4AB3-B632-58C97A7FDB1A}.Debug|Any CPU.Build.0 = Debug|Any CPU
		{BD2A43D0-FCF6-4AB3-B632-58C97A7FDB1A}.Release|Any CPU.ActiveCfg = Release|Any CPU
		{BD2A43D0-FCF6-4AB3-B632-58C97A7FDB1A}.Release|Any CPU.Build.0 = Release|Any CPU
		{54629887-1394-44CE-8457-B28251BC1AFD}.Debug|Any CPU.ActiveCfg = Debug|Any CPU
		{54629887-1394-44CE-8457-B28251BC1AFD}.Debug|Any CPU.Build.0 = Debug|Any CPU
		{54629887-1394-44CE-8457-B28251BC1AFD}.Release|Any CPU.ActiveCfg = Release|Any CPU
		{54629887-1394-44CE-8457-B28251BC1AFD}.Release|Any CPU.Build.0 = Release|Any CPU
		{B38090D3-4723-40AE-838B-5670E401A73D}.Debug|Any CPU.ActiveCfg = Debug|Any CPU
		{B38090D3-4723-40AE-838B-5670E401A73D}.Debug|Any CPU.Build.0 = Debug|Any CPU
		{B38090D3-4723-40AE-838B-5670E401A73D}.Release|Any CPU.ActiveCfg = Release|Any CPU
		{B38090D3-4723-40AE-838B-5670E401A73D}.Release|Any CPU.Build.0 = Release|Any CPU
		{45596FFA-FF81-459C-AF4C-032C699947B8}.Debug|Any CPU.ActiveCfg = Debug|Any CPU
		{45596FFA-FF81-459C-AF4C-032C699947B8}.Debug|Any CPU.Build.0 = Debug|Any CPU
		{45596FFA-FF81-459C-AF4C-032C699947B8}.Release|Any CPU.ActiveCfg = Release|Any CPU
		{45596FFA-FF81-459C-AF4C-032C699947B8}.Release|Any CPU.Build.0 = Release|Any CPU
		{00D9387E-45A6-4417-ACAA-F9E673825308}.Debug|Any CPU.ActiveCfg = Debug|Any CPU
		{00D9387E-45A6-4417-ACAA-F9E673825308}.Debug|Any CPU.Build.0 = Debug|Any CPU
		{00D9387E-45A6-4417-ACAA-F9E673825308}.Release|Any CPU.ActiveCfg = Release|Any CPU
		{00D9387E-45A6-4417-ACAA-F9E673825308}.Release|Any CPU.Build.0 = Release|Any CPU
		{12D6FAF7-71FC-4983-A841-82B17215D386}.Debug|Any CPU.ActiveCfg = Debug|Any CPU
		{12D6FAF7-71FC-4983-A841-82B17215D386}.Debug|Any CPU.Build.0 = Debug|Any CPU
		{12D6FAF7-71FC-4983-A841-82B17215D386}.Release|Any CPU.ActiveCfg = Release|Any CPU
		{12D6FAF7-71FC-4983-A841-82B17215D386}.Release|Any CPU.Build.0 = Release|Any CPU
		{34FE6A1E-A91A-4BD0-BC43-D3A6CE583766}.Debug|Any CPU.ActiveCfg = Debug|Any CPU
		{34FE6A1E-A91A-4BD0-BC43-D3A6CE583766}.Debug|Any CPU.Build.0 = Debug|Any CPU
		{34FE6A1E-A91A-4BD0-BC43-D3A6CE583766}.Release|Any CPU.ActiveCfg = Release|Any CPU
		{34FE6A1E-A91A-4BD0-BC43-D3A6CE583766}.Release|Any CPU.Build.0 = Release|Any CPU
		{E8240CC3-E3E4-4DD9-8B89-9121A139C1A3}.Debug|Any CPU.ActiveCfg = Debug|Any CPU
		{E8240CC3-E3E4-4DD9-8B89-9121A139C1A3}.Debug|Any CPU.Build.0 = Debug|Any CPU
		{E8240CC3-E3E4-4DD9-8B89-9121A139C1A3}.Release|Any CPU.ActiveCfg = Release|Any CPU
		{E8240CC3-E3E4-4DD9-8B89-9121A139C1A3}.Release|Any CPU.Build.0 = Release|Any CPU
	EndGlobalSection
EndGlobal
